// !$*UTF8*$!
{
	archiveVersion = 1;
	classes = {
	};
	objectVersion = 56;
	objects = {

/* Begin PBXBuildFile section */
		039FCF47FA8714EFAE53B38F /* HomeSummaryCard.swift in Sources */ = {isa = PBXBuildFile; fileRef = B44F3E90D0522E07D5629025 /* HomeSummaryCard.swift */; };
		06CB1EFD9F191AD8B8DB7D8B /* AmountInputView.swift in Sources */ = {isa = PBXBuildFile; fileRef = 0793F6CCDC837B04AF9A84F4 /* AmountInputView.swift */; };
		0A9304F6219F03E84FC6EBF8 /* AddTransactionView.swift in Sources */ = {isa = PBXBuildFile; fileRef = 9907ED7283873E1E8B09E2A3 /* AddTransactionView.swift */; };
		1CC6A897A9EB5A73A7E59823 /* TransactionFormViewModel.swift in Sources */ = {isa = PBXBuildFile; fileRef = 0E449CF5339BE2DB72A657AD /* TransactionFormViewModel.swift */; };
		1F5FACCE9C44DB7C891138E2 /* TransactionDetailView.swift in Sources */ = {isa = PBXBuildFile; fileRef = 27F621602E0E6F945B8F73EE /* TransactionDetailView.swift */; };
		2940F7C83164915EB25C3BA2 /* CategoryPickerView.swift in Sources */ = {isa = PBXBuildFile; fileRef = 054E858F0F0A8C5426FB2EBE /* CategoryPickerView.swift */; };
		2C4E5D98C37D8EBB566E80D9 /* TransactionRowView.swift in Sources */ = {isa = PBXBuildFile; fileRef = 89962D2BE19E9088FB9FD250 /* TransactionRowView.swift */; };
		611D7D4B1A279FE98754431A /* TransactionFormViewModelTests.swift in Sources */ = {isa = PBXBuildFile; fileRef = 78D3C1E2C4462A33F61114C8 /* TransactionFormViewModelTests.swift */; };
		900202A77D0B29580CC63983 /* HomeView.swift in Sources */ = {isa = PBXBuildFile; fileRef = B9DEB910A94494562EC26962 /* HomeView.swift */; };
		A10000000000000000000020 /* KouKouLedgerApp.swift in Sources */ = {isa = PBXBuildFile; fileRef = A10000000000000000000010 /* KouKouLedgerApp.swift */; };
		A10000000000000000000021 /* RootView.swift in Sources */ = {isa = PBXBuildFile; fileRef = A10000000000000000000011 /* RootView.swift */; };
		A10000000000000000000022 /* MainTabView.swift in Sources */ = {isa = PBXBuildFile; fileRef = A10000000000000000000012 /* MainTabView.swift */; };
		A10000000000000000000023 /* HomePlaceholderView.swift in Sources */ = {isa = PBXBuildFile; fileRef = A10000000000000000000013 /* HomePlaceholderView.swift */; };
		A10000000000000000000024 /* StatisticsPlaceholderView.swift in Sources */ = {isa = PBXBuildFile; fileRef = A10000000000000000000014 /* StatisticsPlaceholderView.swift */; };
		A10000000000000000000025 /* ProfilePlaceholderView.swift in Sources */ = {isa = PBXBuildFile; fileRef = A10000000000000000000015 /* ProfilePlaceholderView.swift */; };
		A10000000000000000000026 /* PlaceholderPageView.swift in Sources */ = {isa = PBXBuildFile; fileRef = A10000000000000000000016 /* PlaceholderPageView.swift */; };
		A10000000000000000000027 /* AppTheme.swift in Sources */ = {isa = PBXBuildFile; fileRef = A10000000000000000000017 /* AppTheme.swift */; };
		A10000000000000000000028 /* AppAnimation.swift in Sources */ = {isa = PBXBuildFile; fileRef = A10000000000000000000018 /* AppAnimation.swift */; };
		AB445770610D075003D272AD /* TransactionFormView.swift in Sources */ = {isa = PBXBuildFile; fileRef = 378672D7205B9DAA42C73CB7 /* TransactionFormView.swift */; };
		B10000000000000000000001 /* User.swift in Sources */ = {isa = PBXBuildFile; fileRef = B10000000000000000000101 /* User.swift */; };
		B10000000000000000000002 /* Book.swift in Sources */ = {isa = PBXBuildFile; fileRef = B10000000000000000000102 /* Book.swift */; };
		B10000000000000000000003 /* BookMember.swift in Sources */ = {isa = PBXBuildFile; fileRef = B10000000000000000000103 /* BookMember.swift */; };
		B10000000000000000000004 /* BookMemberRole.swift in Sources */ = {isa = PBXBuildFile; fileRef = B10000000000000000000104 /* BookMemberRole.swift */; };
		B10000000000000000000005 /* BookInvite.swift in Sources */ = {isa = PBXBuildFile; fileRef = B10000000000000000000105 /* BookInvite.swift */; };
		B10000000000000000000006 /* BookInviteStatus.swift in Sources */ = {isa = PBXBuildFile; fileRef = B10000000000000000000106 /* BookInviteStatus.swift */; };
		B10000000000000000000007 /* TransactionType.swift in Sources */ = {isa = PBXBuildFile; fileRef = B10000000000000000000107 /* TransactionType.swift */; };
		B10000000000000000000008 /* Money.swift in Sources */ = {isa = PBXBuildFile; fileRef = B10000000000000000000108 /* Money.swift */; };
		B10000000000000000000009 /* CategoryLevel.swift in Sources */ = {isa = PBXBuildFile; fileRef = B10000000000000000000109 /* CategoryLevel.swift */; };
		B1000000000000000000000A /* TransactionCategory.swift in Sources */ = {isa = PBXBuildFile; fileRef = B1000000000000000000010A /* TransactionCategory.swift */; };
		B1000000000000000000000B /* LedgerTransaction.swift in Sources */ = {isa = PBXBuildFile; fileRef = B1000000000000000000010B /* LedgerTransaction.swift */; };
		B1000000000000000000000C /* StatisticsTimeScope.swift in Sources */ = {isa = PBXBuildFile; fileRef = B1000000000000000000010C /* StatisticsTimeScope.swift */; };
		B1000000000000000000000D /* ChartDisplayType.swift in Sources */ = {isa = PBXBuildFile; fileRef = B1000000000000000000010D /* ChartDisplayType.swift */; };
		B1000000000000000000000E /* PercentageDelta.swift in Sources */ = {isa = PBXBuildFile; fileRef = B1000000000000000000010E /* PercentageDelta.swift */; };
		B1000000000000000000000F /* LedgerSummary.swift in Sources */ = {isa = PBXBuildFile; fileRef = B1000000000000000000010F /* LedgerSummary.swift */; };
		B10000000000000000000010 /* StatisticsSnapshot.swift in Sources */ = {isa = PBXBuildFile; fileRef = B10000000000000000000110 /* StatisticsSnapshot.swift */; };
		B10000000000000000000011 /* TrendPoint.swift in Sources */ = {isa = PBXBuildFile; fileRef = B10000000000000000000111 /* TrendPoint.swift */; };
		B10000000000000000000012 /* CategoryRatioSlice.swift in Sources */ = {isa = PBXBuildFile; fileRef = B10000000000000000000112 /* CategoryRatioSlice.swift */; };
		B10000000000000000000013 /* AppError.swift in Sources */ = {isa = PBXBuildFile; fileRef = B10000000000000000000113 /* AppError.swift */; };
		B9CA002B23B35F57E78461AA /* EditTransactionView.swift in Sources */ = {isa = PBXBuildFile; fileRef = 327ACD94C2F47FF925D0D219 /* EditTransactionView.swift */; };
		C10000000000000000000001 /* DateUtils.swift in Sources */ = {isa = PBXBuildFile; fileRef = C10000000000000000000101 /* DateUtils.swift */; };
		C10000000000000000000002 /* MoneyFormatter.swift in Sources */ = {isa = PBXBuildFile; fileRef = C10000000000000000000102 /* MoneyFormatter.swift */; };
		C10000000000000000000003 /* PercentFormatter.swift in Sources */ = {isa = PBXBuildFile; fileRef = C10000000000000000000103 /* PercentFormatter.swift */; };
		C10000000000000000000004 /* ValidationUtils.swift in Sources */ = {isa = PBXBuildFile; fileRef = C10000000000000000000104 /* ValidationUtils.swift */; };
		C10000000000000000000005 /* PermissionGuard.swift in Sources */ = {isa = PBXBuildFile; fileRef = C10000000000000000000105 /* PermissionGuard.swift */; };
		C10000000000000000000006 /* CategoryRules.swift in Sources */ = {isa = PBXBuildFile; fileRef = C10000000000000000000106 /* CategoryRules.swift */; };
		C10000000000000000000007 /* LedgerCalculationUtils.swift in Sources */ = {isa = PBXBuildFile; fileRef = C10000000000000000000107 /* LedgerCalculationUtils.swift */; };
		D10000000000000000000001 /* DateUtilsTests.swift in Sources */ = {isa = PBXBuildFile; fileRef = D10000000000000000000101 /* DateUtilsTests.swift */; };
		D10000000000000000000002 /* MoneyFormatterTests.swift in Sources */ = {isa = PBXBuildFile; fileRef = D10000000000000000000102 /* MoneyFormatterTests.swift */; };
		D10000000000000000000003 /* PercentFormatterTests.swift in Sources */ = {isa = PBXBuildFile; fileRef = D10000000000000000000103 /* PercentFormatterTests.swift */; };
		D10000000000000000000004 /* PermissionGuardTests.swift in Sources */ = {isa = PBXBuildFile; fileRef = D10000000000000000000104 /* PermissionGuardTests.swift */; };
		D10000000000000000000005 /* CategoryRulesTests.swift in Sources */ = {isa = PBXBuildFile; fileRef = D10000000000000000000105 /* CategoryRulesTests.swift */; };
		D10000000000000000000006 /* LedgerCalculationUtilsTests.swift in Sources */ = {isa = PBXBuildFile; fileRef = D10000000000000000000106 /* LedgerCalculationUtilsTests.swift */; };
		E50000000000000000000001 /* AuthServiceTests.swift in Sources */ = {isa = PBXBuildFile; fileRef = E40000000000000000000001 /* AuthServiceTests.swift */; };
		E50000000000000000000002 /* BookInviteServiceTests.swift in Sources */ = {isa = PBXBuildFile; fileRef = E40000000000000000000002 /* BookInviteServiceTests.swift */; };
		E50000000000000000000003 /* BookMemberServiceTests.swift in Sources */ = {isa = PBXBuildFile; fileRef = E40000000000000000000003 /* BookMemberServiceTests.swift */; };
		E50000000000000000000004 /* BookServiceTests.swift in Sources */ = {isa = PBXBuildFile; fileRef = E40000000000000000000004 /* BookServiceTests.swift */; };
		E50000000000000000000005 /* CategoryServiceTests.swift in Sources */ = {isa = PBXBuildFile; fileRef = E40000000000000000000005 /* CategoryServiceTests.swift */; };
		E50000000000000000000006 /* ServiceTestSupport.swift in Sources */ = {isa = PBXBuildFile; fileRef = E40000000000000000000006 /* ServiceTestSupport.swift */; };
		E50000000000000000000007 /* StatisticsServiceTests.swift in Sources */ = {isa = PBXBuildFile; fileRef = E40000000000000000000007 /* StatisticsServiceTests.swift */; };
		E50000000000000000000008 /* TransactionServiceTests.swift in Sources */ = {isa = PBXBuildFile; fileRef = E40000000000000000000008 /* TransactionServiceTests.swift */; };
		E50000000000000000000009 /* AuthViewModelTests.swift in Sources */ = {isa = PBXBuildFile; fileRef = E40000000000000000000009 /* AuthViewModelTests.swift */; };
		E5000000000000000000000A /* BookViewModelTests.swift in Sources */ = {isa = PBXBuildFile; fileRef = E4000000000000000000000A /* BookViewModelTests.swift */; };
		E5000000000000000000000B /* MembersViewModelTests.swift in Sources */ = {isa = PBXBuildFile; fileRef = E4000000000000000000000B /* MembersViewModelTests.swift */; };
		E5000000000000000000000C /* CategoryViewModelTests.swift in Sources */ = {isa = PBXBuildFile; fileRef = E4000000000000000000000C /* CategoryViewModelTests.swift */; };
		EEC161B30A67E1CE19E65B94 /* TransactionListView.swift in Sources */ = {isa = PBXBuildFile; fileRef = DE3205D8E9D763A376EAF78F /* TransactionListView.swift */; };
		F2F57C3861CDD86F4049F3B5 /* HomeViewModelTests.swift in Sources */ = {isa = PBXBuildFile; fileRef = 55BCD844E237A8B3340C5890 /* HomeViewModelTests.swift */; };
		F50000000000000000000001 /* AppSession.swift in Sources */ = {isa = PBXBuildFile; fileRef = F40000000000000000000001 /* AppSession.swift */; };
		F50000000000000000000002 /* AppDependencyContainer.swift in Sources */ = {isa = PBXBuildFile; fileRef = F40000000000000000000002 /* AppDependencyContainer.swift */; };
		F50000000000000000000003 /* ServiceProtocols.swift in Sources */ = {isa = PBXBuildFile; fileRef = F40000000000000000000003 /* ServiceProtocols.swift */; };
		F50000000000000000000004 /* MockServices.swift in Sources */ = {isa = PBXBuildFile; fileRef = F40000000000000000000004 /* MockServices.swift */; };
		F50000000000000000000005 /* Repositories.swift in Sources */ = {isa = PBXBuildFile; fileRef = F40000000000000000000005 /* Repositories.swift */; };
		F50000000000000000000006 /* MockSeedData.swift in Sources */ = {isa = PBXBuildFile; fileRef = F40000000000000000000006 /* MockSeedData.swift */; };
		F50000000000000000000007 /* MockDataStore.swift in Sources */ = {isa = PBXBuildFile; fileRef = F40000000000000000000007 /* MockDataStore.swift */; };
		F50000000000000000000008 /* AppButton.swift in Sources */ = {isa = PBXBuildFile; fileRef = F40000000000000000000008 /* AppButton.swift */; };
		F50000000000000000000009 /* AppTextField.swift in Sources */ = {isa = PBXBuildFile; fileRef = F40000000000000000000009 /* AppTextField.swift */; };
		F5000000000000000000000A /* AppSecureField.swift in Sources */ = {isa = PBXBuildFile; fileRef = F4000000000000000000000A /* AppSecureField.swift */; };
		F5000000000000000000000B /* AppCard.swift in Sources */ = {isa = PBXBuildFile; fileRef = F4000000000000000000000B /* AppCard.swift */; };
		F5000000000000000000000C /* EmptyStateView.swift in Sources */ = {isa = PBXBuildFile; fileRef = F4000000000000000000000C /* EmptyStateView.swift */; };
		F5000000000000000000000D /* LoadingView.swift in Sources */ = {isa = PBXBuildFile; fileRef = F4000000000000000000000D /* LoadingView.swift */; };
		F5000000000000000000000E /* PermissionBadge.swift in Sources */ = {isa = PBXBuildFile; fileRef = F4000000000000000000000E /* PermissionBadge.swift */; };
		F5000000000000000000000F /* SectionHeaderView.swift in Sources */ = {isa = PBXBuildFile; fileRef = F4000000000000000000000F /* SectionHeaderView.swift */; };
		F50000000000000000000010 /* AuthViewModel.swift in Sources */ = {isa = PBXBuildFile; fileRef = F40000000000000000000010 /* AuthViewModel.swift */; };
		F50000000000000000000011 /* AuthFlowView.swift in Sources */ = {isa = PBXBuildFile; fileRef = F40000000000000000000011 /* AuthFlowView.swift */; };
		F50000000000000000000012 /* LoginView.swift in Sources */ = {isa = PBXBuildFile; fileRef = F40000000000000000000012 /* LoginView.swift */; };
		F50000000000000000000013 /* RegisterView.swift in Sources */ = {isa = PBXBuildFile; fileRef = F40000000000000000000013 /* RegisterView.swift */; };
		F50000000000000000000014 /* ProfileViewModel.swift in Sources */ = {isa = PBXBuildFile; fileRef = F40000000000000000000014 /* ProfileViewModel.swift */; };
		F50000000000000000000015 /* ProfileView.swift in Sources */ = {isa = PBXBuildFile; fileRef = F40000000000000000000015 /* ProfileView.swift */; };
		F50000000000000000000016 /* LedgerSummaryCard.swift in Sources */ = {isa = PBXBuildFile; fileRef = F40000000000000000000016 /* LedgerSummaryCard.swift */; };
		F50000000000000000000017 /* BookViewModel.swift in Sources */ = {isa = PBXBuildFile; fileRef = F40000000000000000000017 /* BookViewModel.swift */; };
		F50000000000000000000018 /* BookListView.swift in Sources */ = {isa = PBXBuildFile; fileRef = F40000000000000000000018 /* BookListView.swift */; };
		F50000000000000000000019 /* CreateBookView.swift in Sources */ = {isa = PBXBuildFile; fileRef = F40000000000000000000019 /* CreateBookView.swift */; };
		F5000000000000000000001A /* EditBookView.swift in Sources */ = {isa = PBXBuildFile; fileRef = F4000000000000000000001A /* EditBookView.swift */; };
		F5000000000000000000001B /* BookDetailView.swift in Sources */ = {isa = PBXBuildFile; fileRef = F4000000000000000000001B /* BookDetailView.swift */; };
		F5000000000000000000001C /* BookSwitcherView.swift in Sources */ = {isa = PBXBuildFile; fileRef = F4000000000000000000001C /* BookSwitcherView.swift */; };
		F5000000000000000000001D /* MembersViewModel.swift in Sources */ = {isa = PBXBuildFile; fileRef = F4000000000000000000001D /* MembersViewModel.swift */; };
		F5000000000000000000001E /* BookMembersView.swift in Sources */ = {isa = PBXBuildFile; fileRef = F4000000000000000000001E /* BookMembersView.swift */; };
		F5000000000000000000001F /* InviteMemberView.swift in Sources */ = {isa = PBXBuildFile; fileRef = F4000000000000000000001F /* InviteMemberView.swift */; };
		F50000000000000000000020 /* AcceptInviteView.swift in Sources */ = {isa = PBXBuildFile; fileRef = F40000000000000000000020 /* AcceptInviteView.swift */; };
		F50000000000000000000021 /* PermissionEditView.swift in Sources */ = {isa = PBXBuildFile; fileRef = F40000000000000000000021 /* PermissionEditView.swift */; };
		F50000000000000000000022 /* MemberRowView.swift in Sources */ = {isa = PBXBuildFile; fileRef = F40000000000000000000022 /* MemberRowView.swift */; };
		F50000000000000000000023 /* CategoryViewModel.swift in Sources */ = {isa = PBXBuildFile; fileRef = F40000000000000000000023 /* CategoryViewModel.swift */; };
		F50000000000000000000024 /* CategoryManagementView.swift in Sources */ = {isa = PBXBuildFile; fileRef = F40000000000000000000024 /* CategoryManagementView.swift */; };
		F50000000000000000000025 /* CategoryTreeView.swift in Sources */ = {isa = PBXBuildFile; fileRef = F40000000000000000000025 /* CategoryTreeView.swift */; };
		F50000000000000000000026 /* CategoryEditView.swift in Sources */ = {isa = PBXBuildFile; fileRef = F40000000000000000000026 /* CategoryEditView.swift */; };
		F60000000000000000000001 /* StatisticsViewModelTests.swift in Sources */ = {isa = PBXBuildFile; fileRef = F60000000000000000000101 /* StatisticsViewModelTests.swift */; };
		F61000000000000000000001 /* StatisticsViewModel.swift in Sources */ = {isa = PBXBuildFile; fileRef = F61000000000000000000101 /* StatisticsViewModel.swift */; };
		F61000000000000000000002 /* StatisticsView.swift in Sources */ = {isa = PBXBuildFile; fileRef = F61000000000000000000102 /* StatisticsView.swift */; };
		F61000000000000000000003 /* StatisticsScopePicker.swift in Sources */ = {isa = PBXBuildFile; fileRef = F61000000000000000000103 /* StatisticsScopePicker.swift */; };
		F61000000000000000000004 /* NetAssetCard.swift in Sources */ = {isa = PBXBuildFile; fileRef = F61000000000000000000104 /* NetAssetCard.swift */; };
		F61000000000000000000005 /* DailyAverageCard.swift in Sources */ = {isa = PBXBuildFile; fileRef = F61000000000000000000105 /* DailyAverageCard.swift */; };
		F61000000000000000000006 /* IncomeExpenseTrendChartView.swift in Sources */ = {isa = PBXBuildFile; fileRef = F61000000000000000000106 /* IncomeExpenseTrendChartView.swift */; };
		F61000000000000000000007 /* ChartDisplayTypeToggle.swift in Sources */ = {isa = PBXBuildFile; fileRef = F61000000000000000000107 /* ChartDisplayTypeToggle.swift */; };
		F61000000000000000000008 /* CategoryRatioPieChartView.swift in Sources */ = {isa = PBXBuildFile; fileRef = F61000000000000000000108 /* CategoryRatioPieChartView.swift */; };
		F61000000000000000000009 /* CategoryRatioControls.swift in Sources */ = {isa = PBXBuildFile; fileRef = F61000000000000000000109 /* CategoryRatioControls.swift */; };
		F6100000000000000000000A /* StatDeltaBadge.swift in Sources */ = {isa = PBXBuildFile; fileRef = F6100000000000000000010A /* StatDeltaBadge.swift */; };
		F70000000000000000000001 /* InfrastructureReservationTests.swift in Sources */ = {isa = PBXBuildFile; fileRef = F70000000000000000000101 /* InfrastructureReservationTests.swift */; };
		F71000000000000000000001 /* BackendMode.swift in Sources */ = {isa = PBXBuildFile; fileRef = F71000000000000000000101 /* BackendMode.swift */; };
		F71000000000000000000002 /* APIError.swift in Sources */ = {isa = PBXBuildFile; fileRef = F71000000000000000000102 /* APIError.swift */; };
		F71000000000000000000003 /* APIEndpoint.swift in Sources */ = {isa = PBXBuildFile; fileRef = F71000000000000000000103 /* APIEndpoint.swift */; };
		F71000000000000000000004 /* APIClient.swift in Sources */ = {isa = PBXBuildFile; fileRef = F71000000000000000000104 /* APIClient.swift */; };
		F71000000000000000000005 /* AuthTokenStore.swift in Sources */ = {isa = PBXBuildFile; fileRef = F71000000000000000000105 /* AuthTokenStore.swift */; };
		F71000000000000000000006 /* KeychainService.swift in Sources */ = {isa = PBXBuildFile; fileRef = F71000000000000000000106 /* KeychainService.swift */; };
		F71000000000000000000007 /* SwiftDataStack.swift in Sources */ = {isa = PBXBuildFile; fileRef = F71000000000000000000107 /* SwiftDataStack.swift */; };
		F71000000000000000000008 /* LocalCacheServiceProtocol.swift in Sources */ = {isa = PBXBuildFile; fileRef = F71000000000000000000108 /* LocalCacheServiceProtocol.swift */; };
		F71000000000000000000009 /* SwiftDataLocalCacheService.swift in Sources */ = {isa = PBXBuildFile; fileRef = F71000000000000000000109 /* SwiftDataLocalCacheService.swift */; };
		F7100000000000000000000A /* RemoteAuthService.swift in Sources */ = {isa = PBXBuildFile; fileRef = F7100000000000000000010A /* RemoteAuthService.swift */; };
		F7100000000000000000000B /* RemoteBookService.swift in Sources */ = {isa = PBXBuildFile; fileRef = F7100000000000000000010B /* RemoteBookService.swift */; };
		F7100000000000000000000C /* RemoteBookMemberService.swift in Sources */ = {isa = PBXBuildFile; fileRef = F7100000000000000000010C /* RemoteBookMemberService.swift */; };
		F7100000000000000000000D /* RemoteBookInviteService.swift in Sources */ = {isa = PBXBuildFile; fileRef = F7100000000000000000010D /* RemoteBookInviteService.swift */; };
		F7100000000000000000000E /* RemoteCategoryService.swift in Sources */ = {isa = PBXBuildFile; fileRef = F7100000000000000000010E /* RemoteCategoryService.swift */; };
		F7100000000000000000000F /* RemoteTransactionService.swift in Sources */ = {isa = PBXBuildFile; fileRef = F7100000000000000000010F /* RemoteTransactionService.swift */; };
		F71000000000000000000010 /* RemoteStatisticsService.swift in Sources */ = {isa = PBXBuildFile; fileRef = F71000000000000000000110 /* RemoteStatisticsService.swift */; };
		FBDE57EDCC0F092009CAE27A /* HomeViewModel.swift in Sources */ = {isa = PBXBuildFile; fileRef = 1E6606A4A62A0F6512CDFEE6 /* HomeViewModel.swift */; };
/* End PBXBuildFile section */

/* Begin PBXContainerItemProxy section */
		D10000000000000000000400 /* PBXContainerItemProxy */ = {
			isa = PBXContainerItemProxy;
			containerPortal = A10000000000000000000000 /* Project object */;
			proxyType = 1;
			remoteGlobalIDString = A10000000000000000000001;
			remoteInfo = KouKouLedger;
		};
/* End PBXContainerItemProxy section */

/* Begin PBXFileReference section */
		054E858F0F0A8C5426FB2EBE /* CategoryPickerView.swift */ = {isa = PBXFileReference; lastKnownFileType = sourcecode.swift; path = CategoryPickerView.swift; sourceTree = "<group>"; };
		0793F6CCDC837B04AF9A84F4 /* AmountInputView.swift */ = {isa = PBXFileReference; lastKnownFileType = sourcecode.swift; path = AmountInputView.swift; sourceTree = "<group>"; };
		0E449CF5339BE2DB72A657AD /* TransactionFormViewModel.swift */ = {isa = PBXFileReference; lastKnownFileType = sourcecode.swift; path = TransactionFormViewModel.swift; sourceTree = "<group>"; };
		1E6606A4A62A0F6512CDFEE6 /* HomeViewModel.swift */ = {isa = PBXFileReference; lastKnownFileType = sourcecode.swift; path = HomeViewModel.swift; sourceTree = "<group>"; };
		27F621602E0E6F945B8F73EE /* TransactionDetailView.swift */ = {isa = PBXFileReference; lastKnownFileType = sourcecode.swift; path = TransactionDetailView.swift; sourceTree = "<group>"; };
		327ACD94C2F47FF925D0D219 /* EditTransactionView.swift */ = {isa = PBXFileReference; lastKnownFileType = sourcecode.swift; path = EditTransactionView.swift; sourceTree = "<group>"; };
		378672D7205B9DAA42C73CB7 /* TransactionFormView.swift */ = {isa = PBXFileReference; lastKnownFileType = sourcecode.swift; path = TransactionFormView.swift; sourceTree = "<group>"; };
		55BCD844E237A8B3340C5890 /* HomeViewModelTests.swift */ = {isa = PBXFileReference; lastKnownFileType = sourcecode.swift; path = HomeViewModelTests.swift; sourceTree = "<group>"; };
		78D3C1E2C4462A33F61114C8 /* TransactionFormViewModelTests.swift */ = {isa = PBXFileReference; lastKnownFileType = sourcecode.swift; path = TransactionFormViewModelTests.swift; sourceTree = "<group>"; };
		89962D2BE19E9088FB9FD250 /* TransactionRowView.swift */ = {isa = PBXFileReference; lastKnownFileType = sourcecode.swift; path = TransactionRowView.swift; sourceTree = "<group>"; };
		9907ED7283873E1E8B09E2A3 /* AddTransactionView.swift */ = {isa = PBXFileReference; lastKnownFileType = sourcecode.swift; path = AddTransactionView.swift; sourceTree = "<group>"; };
		A10000000000000000000002 /* KouKouLedger.app */ = {isa = PBXFileReference; explicitFileType = wrapper.application; includeInIndex = 0; path = KouKouLedger.app; sourceTree = BUILT_PRODUCTS_DIR; };
		A10000000000000000000010 /* KouKouLedgerApp.swift */ = {isa = PBXFileReference; lastKnownFileType = sourcecode.swift; path = KouKouLedgerApp.swift; sourceTree = "<group>"; };
		A10000000000000000000011 /* RootView.swift */ = {isa = PBXFileReference; lastKnownFileType = sourcecode.swift; path = RootView.swift; sourceTree = "<group>"; };
		A10000000000000000000012 /* MainTabView.swift */ = {isa = PBXFileReference; lastKnownFileType = sourcecode.swift; path = MainTabView.swift; sourceTree = "<group>"; };
		A10000000000000000000013 /* HomePlaceholderView.swift */ = {isa = PBXFileReference; lastKnownFileType = sourcecode.swift; path = HomePlaceholderView.swift; sourceTree = "<group>"; };
		A10000000000000000000014 /* StatisticsPlaceholderView.swift */ = {isa = PBXFileReference; lastKnownFileType = sourcecode.swift; path = StatisticsPlaceholderView.swift; sourceTree = "<group>"; };
		A10000000000000000000015 /* ProfilePlaceholderView.swift */ = {isa = PBXFileReference; lastKnownFileType = sourcecode.swift; path = ProfilePlaceholderView.swift; sourceTree = "<group>"; };
		A10000000000000000000016 /* PlaceholderPageView.swift */ = {isa = PBXFileReference; lastKnownFileType = sourcecode.swift; path = PlaceholderPageView.swift; sourceTree = "<group>"; };
		A10000000000000000000017 /* AppTheme.swift */ = {isa = PBXFileReference; lastKnownFileType = sourcecode.swift; path = AppTheme.swift; sourceTree = "<group>"; };
		A10000000000000000000018 /* AppAnimation.swift */ = {isa = PBXFileReference; lastKnownFileType = sourcecode.swift; path = AppAnimation.swift; sourceTree = "<group>"; };
		B10000000000000000000101 /* User.swift */ = {isa = PBXFileReference; lastKnownFileType = sourcecode.swift; path = User.swift; sourceTree = "<group>"; };
		B10000000000000000000102 /* Book.swift */ = {isa = PBXFileReference; lastKnownFileType = sourcecode.swift; path = Book.swift; sourceTree = "<group>"; };
		B10000000000000000000103 /* BookMember.swift */ = {isa = PBXFileReference; lastKnownFileType = sourcecode.swift; path = BookMember.swift; sourceTree = "<group>"; };
		B10000000000000000000104 /* BookMemberRole.swift */ = {isa = PBXFileReference; lastKnownFileType = sourcecode.swift; path = BookMemberRole.swift; sourceTree = "<group>"; };
		B10000000000000000000105 /* BookInvite.swift */ = {isa = PBXFileReference; lastKnownFileType = sourcecode.swift; path = BookInvite.swift; sourceTree = "<group>"; };
		B10000000000000000000106 /* BookInviteStatus.swift */ = {isa = PBXFileReference; lastKnownFileType = sourcecode.swift; path = BookInviteStatus.swift; sourceTree = "<group>"; };
		B10000000000000000000107 /* TransactionType.swift */ = {isa = PBXFileReference; lastKnownFileType = sourcecode.swift; path = TransactionType.swift; sourceTree = "<group>"; };
		B10000000000000000000108 /* Money.swift */ = {isa = PBXFileReference; lastKnownFileType = sourcecode.swift; path = Money.swift; sourceTree = "<group>"; };
		B10000000000000000000109 /* CategoryLevel.swift */ = {isa = PBXFileReference; lastKnownFileType = sourcecode.swift; path = CategoryLevel.swift; sourceTree = "<group>"; };
		B1000000000000000000010A /* TransactionCategory.swift */ = {isa = PBXFileReference; lastKnownFileType = sourcecode.swift; path = TransactionCategory.swift; sourceTree = "<group>"; };
		B1000000000000000000010B /* LedgerTransaction.swift */ = {isa = PBXFileReference; lastKnownFileType = sourcecode.swift; path = LedgerTransaction.swift; sourceTree = "<group>"; };
		B1000000000000000000010C /* StatisticsTimeScope.swift */ = {isa = PBXFileReference; lastKnownFileType = sourcecode.swift; path = StatisticsTimeScope.swift; sourceTree = "<group>"; };
		B1000000000000000000010D /* ChartDisplayType.swift */ = {isa = PBXFileReference; lastKnownFileType = sourcecode.swift; path = ChartDisplayType.swift; sourceTree = "<group>"; };
		B1000000000000000000010E /* PercentageDelta.swift */ = {isa = PBXFileReference; lastKnownFileType = sourcecode.swift; path = PercentageDelta.swift; sourceTree = "<group>"; };
		B1000000000000000000010F /* LedgerSummary.swift */ = {isa = PBXFileReference; lastKnownFileType = sourcecode.swift; path = LedgerSummary.swift; sourceTree = "<group>"; };
		B10000000000000000000110 /* StatisticsSnapshot.swift */ = {isa = PBXFileReference; lastKnownFileType = sourcecode.swift; path = StatisticsSnapshot.swift; sourceTree = "<group>"; };
		B10000000000000000000111 /* TrendPoint.swift */ = {isa = PBXFileReference; lastKnownFileType = sourcecode.swift; path = TrendPoint.swift; sourceTree = "<group>"; };
		B10000000000000000000112 /* CategoryRatioSlice.swift */ = {isa = PBXFileReference; lastKnownFileType = sourcecode.swift; path = CategoryRatioSlice.swift; sourceTree = "<group>"; };
		B10000000000000000000113 /* AppError.swift */ = {isa = PBXFileReference; lastKnownFileType = sourcecode.swift; path = AppError.swift; sourceTree = "<group>"; };
		B44F3E90D0522E07D5629025 /* HomeSummaryCard.swift */ = {isa = PBXFileReference; lastKnownFileType = sourcecode.swift; path = HomeSummaryCard.swift; sourceTree = "<group>"; };
		B9DEB910A94494562EC26962 /* HomeView.swift */ = {isa = PBXFileReference; lastKnownFileType = sourcecode.swift; path = HomeView.swift; sourceTree = "<group>"; };
		C10000000000000000000101 /* DateUtils.swift */ = {isa = PBXFileReference; lastKnownFileType = sourcecode.swift; path = DateUtils.swift; sourceTree = "<group>"; };
		C10000000000000000000102 /* MoneyFormatter.swift */ = {isa = PBXFileReference; lastKnownFileType = sourcecode.swift; path = MoneyFormatter.swift; sourceTree = "<group>"; };
		C10000000000000000000103 /* PercentFormatter.swift */ = {isa = PBXFileReference; lastKnownFileType = sourcecode.swift; path = PercentFormatter.swift; sourceTree = "<group>"; };
		C10000000000000000000104 /* ValidationUtils.swift */ = {isa = PBXFileReference; lastKnownFileType = sourcecode.swift; path = ValidationUtils.swift; sourceTree = "<group>"; };
		C10000000000000000000105 /* PermissionGuard.swift */ = {isa = PBXFileReference; lastKnownFileType = sourcecode.swift; path = PermissionGuard.swift; sourceTree = "<group>"; };
		C10000000000000000000106 /* CategoryRules.swift */ = {isa = PBXFileReference; lastKnownFileType = sourcecode.swift; path = CategoryRules.swift; sourceTree = "<group>"; };
		C10000000000000000000107 /* LedgerCalculationUtils.swift */ = {isa = PBXFileReference; lastKnownFileType = sourcecode.swift; path = LedgerCalculationUtils.swift; sourceTree = "<group>"; };
		D10000000000000000000101 /* DateUtilsTests.swift */ = {isa = PBXFileReference; lastKnownFileType = sourcecode.swift; path = DateUtilsTests.swift; sourceTree = "<group>"; };
		D10000000000000000000102 /* MoneyFormatterTests.swift */ = {isa = PBXFileReference; lastKnownFileType = sourcecode.swift; path = MoneyFormatterTests.swift; sourceTree = "<group>"; };
		D10000000000000000000103 /* PercentFormatterTests.swift */ = {isa = PBXFileReference; lastKnownFileType = sourcecode.swift; path = PercentFormatterTests.swift; sourceTree = "<group>"; };
		D10000000000000000000104 /* PermissionGuardTests.swift */ = {isa = PBXFileReference; lastKnownFileType = sourcecode.swift; path = PermissionGuardTests.swift; sourceTree = "<group>"; };
		D10000000000000000000105 /* CategoryRulesTests.swift */ = {isa = PBXFileReference; lastKnownFileType = sourcecode.swift; path = CategoryRulesTests.swift; sourceTree = "<group>"; };
		D10000000000000000000106 /* LedgerCalculationUtilsTests.swift */ = {isa = PBXFileReference; lastKnownFileType = sourcecode.swift; path = LedgerCalculationUtilsTests.swift; sourceTree = "<group>"; };
		D10000000000000000000200 /* KouKouLedgerTests.xctest */ = {isa = PBXFileReference; explicitFileType = wrapper.cfbundle; includeInIndex = 0; path = KouKouLedgerTests.xctest; sourceTree = BUILT_PRODUCTS_DIR; };
		DE3205D8E9D763A376EAF78F /* TransactionListView.swift */ = {isa = PBXFileReference; lastKnownFileType = sourcecode.swift; path = TransactionListView.swift; sourceTree = "<group>"; };
		E40000000000000000000001 /* AuthServiceTests.swift */ = {isa = PBXFileReference; lastKnownFileType = sourcecode.swift; path = AuthServiceTests.swift; sourceTree = "<group>"; };
		E40000000000000000000002 /* BookInviteServiceTests.swift */ = {isa = PBXFileReference; lastKnownFileType = sourcecode.swift; path = BookInviteServiceTests.swift; sourceTree = "<group>"; };
		E40000000000000000000003 /* BookMemberServiceTests.swift */ = {isa = PBXFileReference; lastKnownFileType = sourcecode.swift; path = BookMemberServiceTests.swift; sourceTree = "<group>"; };
		E40000000000000000000004 /* BookServiceTests.swift */ = {isa = PBXFileReference; lastKnownFileType = sourcecode.swift; path = BookServiceTests.swift; sourceTree = "<group>"; };
		E40000000000000000000005 /* CategoryServiceTests.swift */ = {isa = PBXFileReference; lastKnownFileType = sourcecode.swift; path = CategoryServiceTests.swift; sourceTree = "<group>"; };
		E40000000000000000000006 /* ServiceTestSupport.swift */ = {isa = PBXFileReference; lastKnownFileType = sourcecode.swift; path = ServiceTestSupport.swift; sourceTree = "<group>"; };
		E40000000000000000000007 /* StatisticsServiceTests.swift */ = {isa = PBXFileReference; lastKnownFileType = sourcecode.swift; path = StatisticsServiceTests.swift; sourceTree = "<group>"; };
		E40000000000000000000008 /* TransactionServiceTests.swift */ = {isa = PBXFileReference; lastKnownFileType = sourcecode.swift; path = TransactionServiceTests.swift; sourceTree = "<group>"; };
		E40000000000000000000009 /* AuthViewModelTests.swift */ = {isa = PBXFileReference; lastKnownFileType = sourcecode.swift; path = AuthViewModelTests.swift; sourceTree = "<group>"; };
		E4000000000000000000000A /* BookViewModelTests.swift */ = {isa = PBXFileReference; lastKnownFileType = sourcecode.swift; path = BookViewModelTests.swift; sourceTree = "<group>"; };
		E4000000000000000000000B /* MembersViewModelTests.swift */ = {isa = PBXFileReference; lastKnownFileType = sourcecode.swift; path = MembersViewModelTests.swift; sourceTree = "<group>"; };
		E4000000000000000000000C /* CategoryViewModelTests.swift */ = {isa = PBXFileReference; lastKnownFileType = sourcecode.swift; path = CategoryViewModelTests.swift; sourceTree = "<group>"; };
		F40000000000000000000001 /* AppSession.swift */ = {isa = PBXFileReference; lastKnownFileType = sourcecode.swift; path = AppSession.swift; sourceTree = "<group>"; };
		F40000000000000000000002 /* AppDependencyContainer.swift */ = {isa = PBXFileReference; lastKnownFileType = sourcecode.swift; path = AppDependencyContainer.swift; sourceTree = "<group>"; };
		F40000000000000000000003 /* ServiceProtocols.swift */ = {isa = PBXFileReference; lastKnownFileType = sourcecode.swift; path = ServiceProtocols.swift; sourceTree = "<group>"; };
		F40000000000000000000004 /* MockServices.swift */ = {isa = PBXFileReference; lastKnownFileType = sourcecode.swift; path = MockServices.swift; sourceTree = "<group>"; };
		F40000000000000000000005 /* Repositories.swift */ = {isa = PBXFileReference; lastKnownFileType = sourcecode.swift; path = Repositories.swift; sourceTree = "<group>"; };
		F40000000000000000000006 /* MockSeedData.swift */ = {isa = PBXFileReference; lastKnownFileType = sourcecode.swift; path = MockSeedData.swift; sourceTree = "<group>"; };
		F40000000000000000000007 /* MockDataStore.swift */ = {isa = PBXFileReference; lastKnownFileType = sourcecode.swift; path = MockDataStore.swift; sourceTree = "<group>"; };
		F40000000000000000000008 /* AppButton.swift */ = {isa = PBXFileReference; lastKnownFileType = sourcecode.swift; path = AppButton.swift; sourceTree = "<group>"; };
		F40000000000000000000009 /* AppTextField.swift */ = {isa = PBXFileReference; lastKnownFileType = sourcecode.swift; path = AppTextField.swift; sourceTree = "<group>"; };
		F4000000000000000000000A /* AppSecureField.swift */ = {isa = PBXFileReference; lastKnownFileType = sourcecode.swift; path = AppSecureField.swift; sourceTree = "<group>"; };
		F4000000000000000000000B /* AppCard.swift */ = {isa = PBXFileReference; lastKnownFileType = sourcecode.swift; path = AppCard.swift; sourceTree = "<group>"; };
		F4000000000000000000000C /* EmptyStateView.swift */ = {isa = PBXFileReference; lastKnownFileType = sourcecode.swift; path = EmptyStateView.swift; sourceTree = "<group>"; };
		F4000000000000000000000D /* LoadingView.swift */ = {isa = PBXFileReference; lastKnownFileType = sourcecode.swift; path = LoadingView.swift; sourceTree = "<group>"; };
		F4000000000000000000000E /* PermissionBadge.swift */ = {isa = PBXFileReference; lastKnownFileType = sourcecode.swift; path = PermissionBadge.swift; sourceTree = "<group>"; };
		F4000000000000000000000F /* SectionHeaderView.swift */ = {isa = PBXFileReference; lastKnownFileType = sourcecode.swift; path = SectionHeaderView.swift; sourceTree = "<group>"; };
		F40000000000000000000010 /* AuthViewModel.swift */ = {isa = PBXFileReference; lastKnownFileType = sourcecode.swift; path = AuthViewModel.swift; sourceTree = "<group>"; };
		F40000000000000000000011 /* AuthFlowView.swift */ = {isa = PBXFileReference; lastKnownFileType = sourcecode.swift; path = AuthFlowView.swift; sourceTree = "<group>"; };
		F40000000000000000000012 /* LoginView.swift */ = {isa = PBXFileReference; lastKnownFileType = sourcecode.swift; path = LoginView.swift; sourceTree = "<group>"; };
		F40000000000000000000013 /* RegisterView.swift */ = {isa = PBXFileReference; lastKnownFileType = sourcecode.swift; path = RegisterView.swift; sourceTree = "<group>"; };
		F40000000000000000000014 /* ProfileViewModel.swift */ = {isa = PBXFileReference; lastKnownFileType = sourcecode.swift; path = ProfileViewModel.swift; sourceTree = "<group>"; };
		F40000000000000000000015 /* ProfileView.swift */ = {isa = PBXFileReference; lastKnownFileType = sourcecode.swift; path = ProfileView.swift; sourceTree = "<group>"; };
		F40000000000000000000016 /* LedgerSummaryCard.swift */ = {isa = PBXFileReference; lastKnownFileType = sourcecode.swift; path = LedgerSummaryCard.swift; sourceTree = "<group>"; };
		F40000000000000000000017 /* BookViewModel.swift */ = {isa = PBXFileReference; lastKnownFileType = sourcecode.swift; path = BookViewModel.swift; sourceTree = "<group>"; };
		F40000000000000000000018 /* BookListView.swift */ = {isa = PBXFileReference; lastKnownFileType = sourcecode.swift; path = BookListView.swift; sourceTree = "<group>"; };
		F40000000000000000000019 /* CreateBookView.swift */ = {isa = PBXFileReference; lastKnownFileType = sourcecode.swift; path = CreateBookView.swift; sourceTree = "<group>"; };
		F4000000000000000000001A /* EditBookView.swift */ = {isa = PBXFileReference; lastKnownFileType = sourcecode.swift; path = EditBookView.swift; sourceTree = "<group>"; };
		F4000000000000000000001B /* BookDetailView.swift */ = {isa = PBXFileReference; lastKnownFileType = sourcecode.swift; path = BookDetailView.swift; sourceTree = "<group>"; };
		F4000000000000000000001C /* BookSwitcherView.swift */ = {isa = PBXFileReference; lastKnownFileType = sourcecode.swift; path = BookSwitcherView.swift; sourceTree = "<group>"; };
		F4000000000000000000001D /* MembersViewModel.swift */ = {isa = PBXFileReference; lastKnownFileType = sourcecode.swift; path = MembersViewModel.swift; sourceTree = "<group>"; };
		F4000000000000000000001E /* BookMembersView.swift */ = {isa = PBXFileReference; lastKnownFileType = sourcecode.swift; path = BookMembersView.swift; sourceTree = "<group>"; };
		F4000000000000000000001F /* InviteMemberView.swift */ = {isa = PBXFileReference; lastKnownFileType = sourcecode.swift; path = InviteMemberView.swift; sourceTree = "<group>"; };
		F40000000000000000000020 /* AcceptInviteView.swift */ = {isa = PBXFileReference; lastKnownFileType = sourcecode.swift; path = AcceptInviteView.swift; sourceTree = "<group>"; };
		F40000000000000000000021 /* PermissionEditView.swift */ = {isa = PBXFileReference; lastKnownFileType = sourcecode.swift; path = PermissionEditView.swift; sourceTree = "<group>"; };
		F40000000000000000000022 /* MemberRowView.swift */ = {isa = PBXFileReference; lastKnownFileType = sourcecode.swift; path = MemberRowView.swift; sourceTree = "<group>"; };
		F40000000000000000000023 /* CategoryViewModel.swift */ = {isa = PBXFileReference; lastKnownFileType = sourcecode.swift; path = CategoryViewModel.swift; sourceTree = "<group>"; };
		F40000000000000000000024 /* CategoryManagementView.swift */ = {isa = PBXFileReference; lastKnownFileType = sourcecode.swift; path = CategoryManagementView.swift; sourceTree = "<group>"; };
		F40000000000000000000025 /* CategoryTreeView.swift */ = {isa = PBXFileReference; lastKnownFileType = sourcecode.swift; path = CategoryTreeView.swift; sourceTree = "<group>"; };
		F40000000000000000000026 /* CategoryEditView.swift */ = {isa = PBXFileReference; lastKnownFileType = sourcecode.swift; path = CategoryEditView.swift; sourceTree = "<group>"; };
		F60000000000000000000101 /* StatisticsViewModelTests.swift */ = {isa = PBXFileReference; lastKnownFileType = sourcecode.swift; path = StatisticsViewModelTests.swift; sourceTree = "<group>"; };
		F61000000000000000000101 /* StatisticsViewModel.swift */ = {isa = PBXFileReference; lastKnownFileType = sourcecode.swift; path = StatisticsViewModel.swift; sourceTree = "<group>"; };
		F61000000000000000000102 /* StatisticsView.swift */ = {isa = PBXFileReference; lastKnownFileType = sourcecode.swift; path = StatisticsView.swift; sourceTree = "<group>"; };
		F61000000000000000000103 /* StatisticsScopePicker.swift */ = {isa = PBXFileReference; lastKnownFileType = sourcecode.swift; path = StatisticsScopePicker.swift; sourceTree = "<group>"; };
		F61000000000000000000104 /* NetAssetCard.swift */ = {isa = PBXFileReference; lastKnownFileType = sourcecode.swift; path = NetAssetCard.swift; sourceTree = "<group>"; };
		F61000000000000000000105 /* DailyAverageCard.swift */ = {isa = PBXFileReference; lastKnownFileType = sourcecode.swift; path = DailyAverageCard.swift; sourceTree = "<group>"; };
		F61000000000000000000106 /* IncomeExpenseTrendChartView.swift */ = {isa = PBXFileReference; lastKnownFileType = sourcecode.swift; path = IncomeExpenseTrendChartView.swift; sourceTree = "<group>"; };
		F61000000000000000000107 /* ChartDisplayTypeToggle.swift */ = {isa = PBXFileReference; lastKnownFileType = sourcecode.swift; path = ChartDisplayTypeToggle.swift; sourceTree = "<group>"; };
		F61000000000000000000108 /* CategoryRatioPieChartView.swift */ = {isa = PBXFileReference; lastKnownFileType = sourcecode.swift; path = CategoryRatioPieChartView.swift; sourceTree = "<group>"; };
		F61000000000000000000109 /* CategoryRatioControls.swift */ = {isa = PBXFileReference; lastKnownFileType = sourcecode.swift; path = CategoryRatioControls.swift; sourceTree = "<group>"; };
		F6100000000000000000010A /* StatDeltaBadge.swift */ = {isa = PBXFileReference; lastKnownFileType = sourcecode.swift; path = StatDeltaBadge.swift; sourceTree = "<group>"; };
		F70000000000000000000101 /* InfrastructureReservationTests.swift */ = {isa = PBXFileReference; lastKnownFileType = sourcecode.swift; path = InfrastructureReservationTests.swift; sourceTree = "<group>"; };
		F71000000000000000000101 /* BackendMode.swift */ = {isa = PBXFileReference; lastKnownFileType = sourcecode.swift; path = BackendMode.swift; sourceTree = "<group>"; };
		F71000000000000000000102 /* APIError.swift */ = {isa = PBXFileReference; lastKnownFileType = sourcecode.swift; path = APIError.swift; sourceTree = "<group>"; };
		F71000000000000000000103 /* APIEndpoint.swift */ = {isa = PBXFileReference; lastKnownFileType = sourcecode.swift; path = APIEndpoint.swift; sourceTree = "<group>"; };
		F71000000000000000000104 /* APIClient.swift */ = {isa = PBXFileReference; lastKnownFileType = sourcecode.swift; path = APIClient.swift; sourceTree = "<group>"; };
		F71000000000000000000105 /* AuthTokenStore.swift */ = {isa = PBXFileReference; lastKnownFileType = sourcecode.swift; path = AuthTokenStore.swift; sourceTree = "<group>"; };
		F71000000000000000000106 /* KeychainService.swift */ = {isa = PBXFileReference; lastKnownFileType = sourcecode.swift; path = KeychainService.swift; sourceTree = "<group>"; };
		F71000000000000000000107 /* SwiftDataStack.swift */ = {isa = PBXFileReference; lastKnownFileType = sourcecode.swift; path = SwiftDataStack.swift; sourceTree = "<group>"; };
		F71000000000000000000108 /* LocalCacheServiceProtocol.swift */ = {isa = PBXFileReference; lastKnownFileType = sourcecode.swift; path = LocalCacheServiceProtocol.swift; sourceTree = "<group>"; };
		F71000000000000000000109 /* SwiftDataLocalCacheService.swift */ = {isa = PBXFileReference; lastKnownFileType = sourcecode.swift; path = SwiftDataLocalCacheService.swift; sourceTree = "<group>"; };
		F7100000000000000000010A /* RemoteAuthService.swift */ = {isa = PBXFileReference; lastKnownFileType = sourcecode.swift; path = RemoteAuthService.swift; sourceTree = "<group>"; };
		F7100000000000000000010B /* RemoteBookService.swift */ = {isa = PBXFileReference; lastKnownFileType = sourcecode.swift; path = RemoteBookService.swift; sourceTree = "<group>"; };
		F7100000000000000000010C /* RemoteBookMemberService.swift */ = {isa = PBXFileReference; lastKnownFileType = sourcecode.swift; path = RemoteBookMemberService.swift; sourceTree = "<group>"; };
		F7100000000000000000010D /* RemoteBookInviteService.swift */ = {isa = PBXFileReference; lastKnownFileType = sourcecode.swift; path = RemoteBookInviteService.swift; sourceTree = "<group>"; };
		F7100000000000000000010E /* RemoteCategoryService.swift */ = {isa = PBXFileReference; lastKnownFileType = sourcecode.swift; path = RemoteCategoryService.swift; sourceTree = "<group>"; };
		F7100000000000000000010F /* RemoteTransactionService.swift */ = {isa = PBXFileReference; lastKnownFileType = sourcecode.swift; path = RemoteTransactionService.swift; sourceTree = "<group>"; };
		F71000000000000000000110 /* RemoteStatisticsService.swift */ = {isa = PBXFileReference; lastKnownFileType = sourcecode.swift; path = RemoteStatisticsService.swift; sourceTree = "<group>"; };
/* End PBXFileReference section */

/* Begin PBXFrameworksBuildPhase section */
		A10000000000000000000031 /* Frameworks */ = {
			isa = PBXFrameworksBuildPhase;
			buildActionMask = 2147483647;
			files = (
			);
			runOnlyForDeploymentPostprocessing = 0;
		};
		D10000000000000000000301 /* Frameworks */ = {
			isa = PBXFrameworksBuildPhase;
			buildActionMask = 2147483647;
			files = (
			);
			runOnlyForDeploymentPostprocessing = 0;
		};
/* End PBXFrameworksBuildPhase section */

/* Begin PBXGroup section */
		A10000000000000000000003 = {
			isa = PBXGroup;
			children = (
				A10000000000000000000040 /* App */,
				A10000000000000000000050 /* Core */,
				A10000000000000000000070 /* Features */,
				A10000000000000000000090 /* Shared */,
				A100000000000000000000A0 /* Tests */,
				D10000000000000000000010 /* KouKouLedgerTests */,
				A100000000000000000000A1 /* scripts */,
				A10000000000000000000004 /* Products */,
			);
			sourceTree = "<group>";
		};
		A10000000000000000000004 /* Products */ = {
			isa = PBXGroup;
			children = (
				A10000000000000000000002 /* KouKouLedger.app */,
				D10000000000000000000200 /* KouKouLedgerTests.xctest */,
			);
			name = Products;
			sourceTree = "<group>";
		};
		A10000000000000000000040 /* App */ = {
			isa = PBXGroup;
			children = (
				A10000000000000000000010 /* KouKouLedgerApp.swift */,
				A10000000000000000000011 /* RootView.swift */,
				A10000000000000000000012 /* MainTabView.swift */,
				F40000000000000000000001 /* AppSession.swift */,
			);
			path = App;
			sourceTree = "<group>";
		};
		A10000000000000000000050 /* Core */ = {
			isa = PBXGroup;
			children = (
				A10000000000000000000051 /* Models */,
				A10000000000000000000052 /* Services */,
				A10000000000000000000055 /* Repositories */,
				A10000000000000000000056 /* Storage */,
				A10000000000000000000057 /* Networking */,
				A10000000000000000000058 /* Security */,
				A10000000000000000000059 /* Utils */,
				F40000000000000000000002 /* AppDependencyContainer.swift */,
			);
			path = Core;
			sourceTree = "<group>";
		};
		A10000000000000000000051 /* Models */ = {
			isa = PBXGroup;
			children = (
				B10000000000000000000113 /* AppError.swift */,
				B10000000000000000000102 /* Book.swift */,
				B10000000000000000000105 /* BookInvite.swift */,
				B10000000000000000000106 /* BookInviteStatus.swift */,
				B10000000000000000000103 /* BookMember.swift */,
				B10000000000000000000104 /* BookMemberRole.swift */,
				B10000000000000000000109 /* CategoryLevel.swift */,
				B10000000000000000000112 /* CategoryRatioSlice.swift */,
				B1000000000000000000010D /* ChartDisplayType.swift */,
				B1000000000000000000010F /* LedgerSummary.swift */,
				B1000000000000000000010B /* LedgerTransaction.swift */,
				B10000000000000000000108 /* Money.swift */,
				B1000000000000000000010E /* PercentageDelta.swift */,
				B10000000000000000000110 /* StatisticsSnapshot.swift */,
				B1000000000000000000010C /* StatisticsTimeScope.swift */,
				B1000000000000000000010A /* TransactionCategory.swift */,
				B10000000000000000000107 /* TransactionType.swift */,
				B10000000000000000000111 /* TrendPoint.swift */,
				B10000000000000000000101 /* User.swift */,
			);
			path = Models;
			sourceTree = "<group>";
		};
		A10000000000000000000052 /* Services */ = {
			isa = PBXGroup;
			children = (
				A10000000000000000000053 /* Mock */,
				F71000000000000000000200 /* Remote */,
				F40000000000000000000003 /* ServiceProtocols.swift */,
			);
			path = Services;
			sourceTree = "<group>";
		};
		A10000000000000000000053 /* Mock */ = {
			isa = PBXGroup;
			children = (
				F40000000000000000000004 /* MockServices.swift */,
			);
			path = Mock;
			sourceTree = "<group>";
		};
		A10000000000000000000055 /* Repositories */ = {
			isa = PBXGroup;
			children = (
				F40000000000000000000005 /* Repositories.swift */,
			);
			path = Repositories;
			sourceTree = "<group>";
		};
		A10000000000000000000056 /* Storage */ = {
			isa = PBXGroup;
			children = (
				F71000000000000000000108 /* LocalCacheServiceProtocol.swift */,
				F40000000000000000000006 /* MockSeedData.swift */,
				F40000000000000000000007 /* MockDataStore.swift */,
				F71000000000000000000107 /* SwiftDataStack.swift */,
				F71000000000000000000109 /* SwiftDataLocalCacheService.swift */,
			);
			path = Storage;
			sourceTree = "<group>";
		};
		A10000000000000000000057 /* Networking */ = {
			isa = PBXGroup;
			children = (
				F71000000000000000000104 /* APIClient.swift */,
				F71000000000000000000103 /* APIEndpoint.swift */,
				F71000000000000000000102 /* APIError.swift */,
				F71000000000000000000101 /* BackendMode.swift */,
			);
			path = Networking;
			sourceTree = "<group>";
		};
		A10000000000000000000058 /* Security */ = {
			isa = PBXGroup;
			children = (
				F71000000000000000000105 /* AuthTokenStore.swift */,
				F71000000000000000000106 /* KeychainService.swift */,
				C10000000000000000000105 /* PermissionGuard.swift */,
			);
			path = Security;
			sourceTree = "<group>";
		};
		A10000000000000000000059 /* Utils */ = {
			isa = PBXGroup;
			children = (
				C10000000000000000000106 /* CategoryRules.swift */,
				C10000000000000000000101 /* DateUtils.swift */,
				C10000000000000000000107 /* LedgerCalculationUtils.swift */,
				C10000000000000000000102 /* MoneyFormatter.swift */,
				C10000000000000000000103 /* PercentFormatter.swift */,
				C10000000000000000000104 /* ValidationUtils.swift */,
			);
			path = Utils;
			sourceTree = "<group>";
		};
		A10000000000000000000070 /* Features */ = {
			isa = PBXGroup;
			children = (
				A10000000000000000000071 /* Auth */,
				A10000000000000000000072 /* Home */,
				A10000000000000000000073 /* Statistics */,
				A10000000000000000000074 /* Profile */,
				A10000000000000000000075 /* Book */,
				A10000000000000000000076 /* Members */,
				A10000000000000000000077 /* Transaction */,
				A10000000000000000000078 /* Category */,
			);
			path = Features;
			sourceTree = "<group>";
		};
		A10000000000000000000071 /* Auth */ = {
			isa = PBXGroup;
			children = (
				F40000000000000000000010 /* AuthViewModel.swift */,
				F40000000000000000000011 /* AuthFlowView.swift */,
				F40000000000000000000012 /* LoginView.swift */,
				F40000000000000000000013 /* RegisterView.swift */,
			);
			path = Auth;
			sourceTree = "<group>";
		};
		A10000000000000000000072 /* Home */ = {
			isa = PBXGroup;
			children = (
				A10000000000000000000013 /* HomePlaceholderView.swift */,
				1E6606A4A62A0F6512CDFEE6 /* HomeViewModel.swift */,
				B44F3E90D0522E07D5629025 /* HomeSummaryCard.swift */,
				B9DEB910A94494562EC26962 /* HomeView.swift */,
			);
			path = Home;
			sourceTree = "<group>";
		};
		A10000000000000000000073 /* Statistics */ = {
			isa = PBXGroup;
			children = (
				A10000000000000000000014 /* StatisticsPlaceholderView.swift */,
				F61000000000000000000101 /* StatisticsViewModel.swift */,
				F61000000000000000000102 /* StatisticsView.swift */,
				F61000000000000000000103 /* StatisticsScopePicker.swift */,
				F61000000000000000000104 /* NetAssetCard.swift */,
				F61000000000000000000105 /* DailyAverageCard.swift */,
				F61000000000000000000106 /* IncomeExpenseTrendChartView.swift */,
				F61000000000000000000107 /* ChartDisplayTypeToggle.swift */,
				F61000000000000000000108 /* CategoryRatioPieChartView.swift */,
				F61000000000000000000109 /* CategoryRatioControls.swift */,
				F6100000000000000000010A /* StatDeltaBadge.swift */,
			);
			path = Statistics;
			sourceTree = "<group>";
		};
		A10000000000000000000074 /* Profile */ = {
			isa = PBXGroup;
			children = (
				A10000000000000000000015 /* ProfilePlaceholderView.swift */,
				F40000000000000000000014 /* ProfileViewModel.swift */,
				F40000000000000000000015 /* ProfileView.swift */,
				F40000000000000000000016 /* LedgerSummaryCard.swift */,
			);
			path = Profile;
			sourceTree = "<group>";
		};
		A10000000000000000000075 /* Book */ = {
			isa = PBXGroup;
			children = (
				F40000000000000000000017 /* BookViewModel.swift */,
				F40000000000000000000018 /* BookListView.swift */,
				F40000000000000000000019 /* CreateBookView.swift */,
				F4000000000000000000001A /* EditBookView.swift */,
				F4000000000000000000001B /* BookDetailView.swift */,
				F4000000000000000000001C /* BookSwitcherView.swift */,
			);
			path = Book;
			sourceTree = "<group>";
		};
		A10000000000000000000076 /* Members */ = {
			isa = PBXGroup;
			children = (
				F4000000000000000000001D /* MembersViewModel.swift */,
				F4000000000000000000001E /* BookMembersView.swift */,
				F4000000000000000000001F /* InviteMemberView.swift */,
				F40000000000000000000020 /* AcceptInviteView.swift */,
				F40000000000000000000021 /* PermissionEditView.swift */,
				F40000000000000000000022 /* MemberRowView.swift */,
			);
			path = Members;
			sourceTree = "<group>";
		};
		A10000000000000000000077 /* Transaction */ = {
			isa = PBXGroup;
			children = (
				0E449CF5339BE2DB72A657AD /* TransactionFormViewModel.swift */,
				0793F6CCDC837B04AF9A84F4 /* AmountInputView.swift */,
				054E858F0F0A8C5426FB2EBE /* CategoryPickerView.swift */,
				378672D7205B9DAA42C73CB7 /* TransactionFormView.swift */,
				9907ED7283873E1E8B09E2A3 /* AddTransactionView.swift */,
				327ACD94C2F47FF925D0D219 /* EditTransactionView.swift */,
				27F621602E0E6F945B8F73EE /* TransactionDetailView.swift */,
				89962D2BE19E9088FB9FD250 /* TransactionRowView.swift */,
				DE3205D8E9D763A376EAF78F /* TransactionListView.swift */,
			);
			path = Transaction;
			sourceTree = "<group>";
		};
		A10000000000000000000078 /* Category */ = {
			isa = PBXGroup;
			children = (
				F40000000000000000000023 /* CategoryViewModel.swift */,
				F40000000000000000000024 /* CategoryManagementView.swift */,
				F40000000000000000000025 /* CategoryTreeView.swift */,
				F40000000000000000000026 /* CategoryEditView.swift */,
			);
			path = Category;
			sourceTree = "<group>";
		};
		A10000000000000000000090 /* Shared */ = {
			isa = PBXGroup;
			children = (
				A10000000000000000000091 /* Components */,
				A10000000000000000000092 /* Theme */,
				A10000000000000000000093 /* PreviewData */,
			);
			path = Shared;
			sourceTree = "<group>";
		};
		A10000000000000000000091 /* Components */ = {
			isa = PBXGroup;
			children = (
				A10000000000000000000016 /* PlaceholderPageView.swift */,
				F40000000000000000000008 /* AppButton.swift */,
				F40000000000000000000009 /* AppTextField.swift */,
				F4000000000000000000000A /* AppSecureField.swift */,
				F4000000000000000000000B /* AppCard.swift */,
				F4000000000000000000000C /* EmptyStateView.swift */,
				F4000000000000000000000D /* LoadingView.swift */,
				F4000000000000000000000E /* PermissionBadge.swift */,
				F4000000000000000000000F /* SectionHeaderView.swift */,
			);
			path = Components;
			sourceTree = "<group>";
		};
		A10000000000000000000092 /* Theme */ = {
			isa = PBXGroup;
			children = (
				A10000000000000000000017 /* AppTheme.swift */,
				A10000000000000000000018 /* AppAnimation.swift */,
			);
			path = Theme;
			sourceTree = "<group>";
		};
		A10000000000000000000093 /* PreviewData */ = {
			isa = PBXGroup;
			children = (
			);
			path = PreviewData;
			sourceTree = "<group>";
		};
		A100000000000000000000A0 /* Tests */ = {
			isa = PBXGroup;
			children = (
			);
			path = Tests;
			sourceTree = "<group>";
		};
		A100000000000000000000A1 /* scripts */ = {
			isa = PBXGroup;
			children = (
			);
			path = scripts;
			sourceTree = "<group>";
		};
		D10000000000000000000010 /* KouKouLedgerTests */ = {
			isa = PBXGroup;
			children = (
				D10000000000000000000101 /* DateUtilsTests.swift */,
				D10000000000000000000102 /* MoneyFormatterTests.swift */,
				D10000000000000000000103 /* PercentFormatterTests.swift */,
				D10000000000000000000104 /* PermissionGuardTests.swift */,
				D10000000000000000000105 /* CategoryRulesTests.swift */,
				D10000000000000000000106 /* LedgerCalculationUtilsTests.swift */,
				E40000000000000000000001 /* AuthServiceTests.swift */,
				E40000000000000000000002 /* BookInviteServiceTests.swift */,
				E40000000000000000000003 /* BookMemberServiceTests.swift */,
				E40000000000000000000004 /* BookServiceTests.swift */,
				E40000000000000000000005 /* CategoryServiceTests.swift */,
				E40000000000000000000006 /* ServiceTestSupport.swift */,
				E40000000000000000000007 /* StatisticsServiceTests.swift */,
				E40000000000000000000008 /* TransactionServiceTests.swift */,
				E40000000000000000000009 /* AuthViewModelTests.swift */,
				E4000000000000000000000A /* BookViewModelTests.swift */,
				E4000000000000000000000B /* MembersViewModelTests.swift */,
				E4000000000000000000000C /* CategoryViewModelTests.swift */,
				55BCD844E237A8B3340C5890 /* HomeViewModelTests.swift */,
				78D3C1E2C4462A33F61114C8 /* TransactionFormViewModelTests.swift */,
				F60000000000000000000101 /* StatisticsViewModelTests.swift */,
				F70000000000000000000101 /* InfrastructureReservationTests.swift */,
			);
			path = KouKouLedgerTests;
			sourceTree = "<group>";
		};
		F71000000000000000000200 /* Remote */ = {
			isa = PBXGroup;
			children = (
				F7100000000000000000010A /* RemoteAuthService.swift */,
				F7100000000000000000010B /* RemoteBookService.swift */,
				F7100000000000000000010C /* RemoteBookMemberService.swift */,
				F7100000000000000000010D /* RemoteBookInviteService.swift */,
				F7100000000000000000010E /* RemoteCategoryService.swift */,
				F7100000000000000000010F /* RemoteTransactionService.swift */,
				F71000000000000000000110 /* RemoteStatisticsService.swift */,
			);
			path = Remote;
			sourceTree = "<group>";
		};
/* End PBXGroup section */

/* Begin PBXNativeTarget section */
		A10000000000000000000001 /* KouKouLedger */ = {
			isa = PBXNativeTarget;
			buildConfigurationList = A100000000000000000000C0 /* Build configuration list for PBXNativeTarget "KouKouLedger" */;
			buildPhases = (
				A10000000000000000000030 /* Sources */,
				A10000000000000000000031 /* Frameworks */,
				A10000000000000000000032 /* Resources */,
			);
			buildRules = (
			);
			dependencies = (
			);
			name = KouKouLedger;
			productName = KouKouLedger;
			productReference = A10000000000000000000002 /* KouKouLedger.app */;
			productType = "com.apple.product-type.application";
		};
		D10000000000000000000020 /* KouKouLedgerTests */ = {
			isa = PBXNativeTarget;
			buildConfigurationList = D10000000000000000000500 /* Build configuration list for PBXNativeTarget "KouKouLedgerTests" */;
			buildPhases = (
				D10000000000000000000300 /* Sources */,
				D10000000000000000000301 /* Frameworks */,
				D10000000000000000000302 /* Resources */,
			);
			buildRules = (
			);
			dependencies = (
				D10000000000000000000401 /* PBXTargetDependency */,
			);
			name = KouKouLedgerTests;
			productName = KouKouLedgerTests;
			productReference = D10000000000000000000200 /* KouKouLedgerTests.xctest */;
			productType = "com.apple.product-type.bundle.unit-test";
		};
/* End PBXNativeTarget section */

/* Begin PBXProject section */
		A10000000000000000000000 /* Project object */ = {
			isa = PBXProject;
			attributes = {
				BuildIndependentTargetsInParallel = 1;
				LastSwiftUpdateCheck = 2640;
				LastUpgradeCheck = 2640;
				TargetAttributes = {
					A10000000000000000000001 = {
						CreatedOnToolsVersion = 26.4.1;
					};
					D10000000000000000000020 = {
						CreatedOnToolsVersion = 26.4.1;
						TestTargetID = A10000000000000000000001;
					};
				};
			};
			buildConfigurationList = A100000000000000000000B0 /* Build configuration list for PBXProject "KouKouLedger" */;
			compatibilityVersion = "Xcode 14.0";
			developmentRegion = en;
			hasScannedForEncodings = 0;
			knownRegions = (
				en,
				Base,
			);
			mainGroup = A10000000000000000000003;
			productRefGroup = A10000000000000000000004 /* Products */;
			projectDirPath = "";
			projectRoot = "";
			targets = (
				A10000000000000000000001 /* KouKouLedger */,
				D10000000000000000000020 /* KouKouLedgerTests */,
			);
		};
/* End PBXProject section */

/* Begin PBXResourcesBuildPhase section */
		A10000000000000000000032 /* Resources */ = {
			isa = PBXResourcesBuildPhase;
			buildActionMask = 2147483647;
			files = (
			);
			runOnlyForDeploymentPostprocessing = 0;
		};
		D10000000000000000000302 /* Resources */ = {
			isa = PBXResourcesBuildPhase;
			buildActionMask = 2147483647;
			files = (
			);
			runOnlyForDeploymentPostprocessing = 0;
		};
/* End PBXResourcesBuildPhase section */

/* Begin PBXSourcesBuildPhase section */
		A10000000000000000000030 /* Sources */ = {
			isa = PBXSourcesBuildPhase;
			buildActionMask = 2147483647;
			files = (
				A10000000000000000000020 /* KouKouLedgerApp.swift in Sources */,
				A10000000000000000000021 /* RootView.swift in Sources */,
				A10000000000000000000022 /* MainTabView.swift in Sources */,
				A10000000000000000000023 /* HomePlaceholderView.swift in Sources */,
				A10000000000000000000024 /* StatisticsPlaceholderView.swift in Sources */,
				A10000000000000000000025 /* ProfilePlaceholderView.swift in Sources */,
				A10000000000000000000026 /* PlaceholderPageView.swift in Sources */,
				A10000000000000000000027 /* AppTheme.swift in Sources */,
				A10000000000000000000028 /* AppAnimation.swift in Sources */,
				B10000000000000000000001 /* User.swift in Sources */,
				B10000000000000000000002 /* Book.swift in Sources */,
				B10000000000000000000003 /* BookMember.swift in Sources */,
				B10000000000000000000004 /* BookMemberRole.swift in Sources */,
				B10000000000000000000005 /* BookInvite.swift in Sources */,
				B10000000000000000000006 /* BookInviteStatus.swift in Sources */,
				B10000000000000000000007 /* TransactionType.swift in Sources */,
				B10000000000000000000008 /* Money.swift in Sources */,
				B10000000000000000000009 /* CategoryLevel.swift in Sources */,
				B1000000000000000000000A /* TransactionCategory.swift in Sources */,
				B1000000000000000000000B /* LedgerTransaction.swift in Sources */,
				B1000000000000000000000C /* StatisticsTimeScope.swift in Sources */,
				B1000000000000000000000D /* ChartDisplayType.swift in Sources */,
				B1000000000000000000000E /* PercentageDelta.swift in Sources */,
				B1000000000000000000000F /* LedgerSummary.swift in Sources */,
				B10000000000000000000010 /* StatisticsSnapshot.swift in Sources */,
				B10000000000000000000011 /* TrendPoint.swift in Sources */,
				B10000000000000000000012 /* CategoryRatioSlice.swift in Sources */,
				B10000000000000000000013 /* AppError.swift in Sources */,
				F71000000000000000000001 /* BackendMode.swift in Sources */,
				F71000000000000000000002 /* APIError.swift in Sources */,
				F71000000000000000000003 /* APIEndpoint.swift in Sources */,
				F71000000000000000000004 /* APIClient.swift in Sources */,
				F71000000000000000000005 /* AuthTokenStore.swift in Sources */,
				F71000000000000000000006 /* KeychainService.swift in Sources */,
				F71000000000000000000007 /* SwiftDataStack.swift in Sources */,
				F71000000000000000000008 /* LocalCacheServiceProtocol.swift in Sources */,
				F71000000000000000000009 /* SwiftDataLocalCacheService.swift in Sources */,
				F7100000000000000000000A /* RemoteAuthService.swift in Sources */,
				F7100000000000000000000B /* RemoteBookService.swift in Sources */,
				F7100000000000000000000C /* RemoteBookMemberService.swift in Sources */,
				F7100000000000000000000D /* RemoteBookInviteService.swift in Sources */,
				F7100000000000000000000E /* RemoteCategoryService.swift in Sources */,
				F7100000000000000000000F /* RemoteTransactionService.swift in Sources */,
				F71000000000000000000010 /* RemoteStatisticsService.swift in Sources */,
				C10000000000000000000001 /* DateUtils.swift in Sources */,
				C10000000000000000000002 /* MoneyFormatter.swift in Sources */,
				C10000000000000000000003 /* PercentFormatter.swift in Sources */,
				C10000000000000000000004 /* ValidationUtils.swift in Sources */,
				C10000000000000000000005 /* PermissionGuard.swift in Sources */,
				C10000000000000000000006 /* CategoryRules.swift in Sources */,
				C10000000000000000000007 /* LedgerCalculationUtils.swift in Sources */,
				F50000000000000000000001 /* AppSession.swift in Sources */,
				F50000000000000000000002 /* AppDependencyContainer.swift in Sources */,
				F50000000000000000000003 /* ServiceProtocols.swift in Sources */,
				F50000000000000000000004 /* MockServices.swift in Sources */,
				F50000000000000000000005 /* Repositories.swift in Sources */,
				F50000000000000000000006 /* MockSeedData.swift in Sources */,
				F50000000000000000000007 /* MockDataStore.swift in Sources */,
				F50000000000000000000008 /* AppButton.swift in Sources */,
				F50000000000000000000009 /* AppTextField.swift in Sources */,
				F5000000000000000000000A /* AppSecureField.swift in Sources */,
				F5000000000000000000000B /* AppCard.swift in Sources */,
				F5000000000000000000000C /* EmptyStateView.swift in Sources */,
				F5000000000000000000000D /* LoadingView.swift in Sources */,
				F5000000000000000000000E /* PermissionBadge.swift in Sources */,
				F5000000000000000000000F /* SectionHeaderView.swift in Sources */,
				F50000000000000000000010 /* AuthViewModel.swift in Sources */,
				F50000000000000000000011 /* AuthFlowView.swift in Sources */,
				F50000000000000000000012 /* LoginView.swift in Sources */,
				F50000000000000000000013 /* RegisterView.swift in Sources */,
				F50000000000000000000014 /* ProfileViewModel.swift in Sources */,
				F50000000000000000000015 /* ProfileView.swift in Sources */,
				F50000000000000000000016 /* LedgerSummaryCard.swift in Sources */,
				F50000000000000000000017 /* BookViewModel.swift in Sources */,
				F50000000000000000000018 /* BookListView.swift in Sources */,
				F50000000000000000000019 /* CreateBookView.swift in Sources */,
				F5000000000000000000001A /* EditBookView.swift in Sources */,
				F5000000000000000000001B /* BookDetailView.swift in Sources */,
				F5000000000000000000001C /* BookSwitcherView.swift in Sources */,
				F5000000000000000000001D /* MembersViewModel.swift in Sources */,
				F5000000000000000000001E /* BookMembersView.swift in Sources */,
				F5000000000000000000001F /* InviteMemberView.swift in Sources */,
				F50000000000000000000020 /* AcceptInviteView.swift in Sources */,
				F50000000000000000000021 /* PermissionEditView.swift in Sources */,
				F50000000000000000000022 /* MemberRowView.swift in Sources */,
				F50000000000000000000023 /* CategoryViewModel.swift in Sources */,
				F50000000000000000000024 /* CategoryManagementView.swift in Sources */,
				F50000000000000000000025 /* CategoryTreeView.swift in Sources */,
				F50000000000000000000026 /* CategoryEditView.swift in Sources */,
				F61000000000000000000001 /* StatisticsViewModel.swift in Sources */,
				F61000000000000000000002 /* StatisticsView.swift in Sources */,
				F61000000000000000000003 /* StatisticsScopePicker.swift in Sources */,
				F61000000000000000000004 /* NetAssetCard.swift in Sources */,
				F61000000000000000000005 /* DailyAverageCard.swift in Sources */,
				F61000000000000000000006 /* IncomeExpenseTrendChartView.swift in Sources */,
				F61000000000000000000007 /* ChartDisplayTypeToggle.swift in Sources */,
				F61000000000000000000008 /* CategoryRatioPieChartView.swift in Sources */,
				F61000000000000000000009 /* CategoryRatioControls.swift in Sources */,
				F6100000000000000000000A /* StatDeltaBadge.swift in Sources */,
				FBDE57EDCC0F092009CAE27A /* HomeViewModel.swift in Sources */,
				039FCF47FA8714EFAE53B38F /* HomeSummaryCard.swift in Sources */,
				900202A77D0B29580CC63983 /* HomeView.swift in Sources */,
				1CC6A897A9EB5A73A7E59823 /* TransactionFormViewModel.swift in Sources */,
				06CB1EFD9F191AD8B8DB7D8B /* AmountInputView.swift in Sources */,
				2940F7C83164915EB25C3BA2 /* CategoryPickerView.swift in Sources */,
				AB445770610D075003D272AD /* TransactionFormView.swift in Sources */,
				0A9304F6219F03E84FC6EBF8 /* AddTransactionView.swift in Sources */,
				B9CA002B23B35F57E78461AA /* EditTransactionView.swift in Sources */,
				1F5FACCE9C44DB7C891138E2 /* TransactionDetailView.swift in Sources */,
				2C4E5D98C37D8EBB566E80D9 /* TransactionRowView.swift in Sources */,
				EEC161B30A67E1CE19E65B94 /* TransactionListView.swift in Sources */,
			);
			runOnlyForDeploymentPostprocessing = 0;
		};
		D10000000000000000000300 /* Sources */ = {
			isa = PBXSourcesBuildPhase;
			buildActionMask = 2147483647;
			files = (
				D10000000000000000000001 /* DateUtilsTests.swift in Sources */,
				D10000000000000000000002 /* MoneyFormatterTests.swift in Sources */,
				D10000000000000000000003 /* PercentFormatterTests.swift in Sources */,
				D10000000000000000000004 /* PermissionGuardTests.swift in Sources */,
				D10000000000000000000005 /* CategoryRulesTests.swift in Sources */,
				D10000000000000000000006 /* LedgerCalculationUtilsTests.swift in Sources */,
				E50000000000000000000001 /* AuthServiceTests.swift in Sources */,
				E50000000000000000000002 /* BookInviteServiceTests.swift in Sources */,
				E50000000000000000000003 /* BookMemberServiceTests.swift in Sources */,
				E50000000000000000000004 /* BookServiceTests.swift in Sources */,
				E50000000000000000000005 /* CategoryServiceTests.swift in Sources */,
				E50000000000000000000006 /* ServiceTestSupport.swift in Sources */,
				E50000000000000000000007 /* StatisticsServiceTests.swift in Sources */,
				E50000000000000000000008 /* TransactionServiceTests.swift in Sources */,
				E50000000000000000000009 /* AuthViewModelTests.swift in Sources */,
				E5000000000000000000000A /* BookViewModelTests.swift in Sources */,
				E5000000000000000000000B /* MembersViewModelTests.swift in Sources */,
				E5000000000000000000000C /* CategoryViewModelTests.swift in Sources */,
				F2F57C3861CDD86F4049F3B5 /* HomeViewModelTests.swift in Sources */,
				611D7D4B1A279FE98754431A /* TransactionFormViewModelTests.swift in Sources */,
				F60000000000000000000001 /* StatisticsViewModelTests.swift in Sources */,
				F70000000000000000000001 /* InfrastructureReservationTests.swift in Sources */,
			);
			runOnlyForDeploymentPostprocessing = 0;
		};
/* End PBXSourcesBuildPhase section */

/* Begin PBXTargetDependency section */
		D10000000000000000000401 /* PBXTargetDependency */ = {
			isa = PBXTargetDependency;
			target = A10000000000000000000001 /* KouKouLedger */;
			targetProxy = D10000000000000000000400 /* PBXContainerItemProxy */;
		};
/* End PBXTargetDependency section */

/* Begin XCBuildConfiguration section */
		A100000000000000000000B1 /* Debug */ = {
			isa = XCBuildConfiguration;
			buildSettings = {
				ALWAYS_SEARCH_USER_PATHS = NO;
				CLANG_ANALYZER_NONNULL = YES;
				CLANG_ANALYZER_NUMBER_OBJECT_CONVERSION = YES_AGGRESSIVE;
				CLANG_CXX_LANGUAGE_STANDARD = "gnu++20";
				CLANG_ENABLE_MODULES = YES;
				CLANG_ENABLE_OBJC_ARC = YES;
				CLANG_ENABLE_OBJC_WEAK = YES;
				CLANG_WARN_BLOCK_CAPTURE_AUTORELEASING = YES;
				CLANG_WARN_BOOL_CONVERSION = YES;
				CLANG_WARN_COMMA = YES;
				CLANG_WARN_CONSTANT_CONVERSION = YES;
				CLANG_WARN_DEPRECATED_OBJC_IMPLEMENTATIONS = YES;
				CLANG_WARN_DIRECT_OBJC_ISA_USAGE = YES_ERROR;
				CLANG_WARN_DOCUMENTATION_COMMENTS = YES;
				CLANG_WARN_EMPTY_BODY = YES;
				CLANG_WARN_ENUM_CONVERSION = YES;
				CLANG_WARN_INFINITE_RECURSION = YES;
				CLANG_WARN_INT_CONVERSION = YES;
				CLANG_WARN_NON_LITERAL_NULL_CONVERSION = YES;
				CLANG_WARN_OBJC_IMPLICIT_RETAIN_SELF = YES;
				CLANG_WARN_OBJC_LITERAL_CONVERSION = YES;
				CLANG_WARN_OBJC_ROOT_CLASS = YES_ERROR;
				CLANG_WARN_QUOTED_INCLUDE_IN_FRAMEWORK_HEADER = YES;
				CLANG_WARN_RANGE_LOOP_ANALYSIS = YES;
				CLANG_WARN_STRICT_PROTOTYPES = YES;
				CLANG_WARN_SUSPICIOUS_MOVE = YES;
				CLANG_WARN_UNGUARDED_AVAILABILITY = YES_AGGRESSIVE;
				CLANG_WARN_UNREACHABLE_CODE = YES;
				CLANG_WARN__DUPLICATE_METHOD_MATCH = YES;
				COPY_PHASE_STRIP = NO;
				DEBUG_INFORMATION_FORMAT = dwarf;
				ENABLE_STRICT_OBJC_MSGSEND = YES;
				ENABLE_TESTABILITY = YES;
				ENABLE_USER_SCRIPT_SANDBOXING = YES;
				GCC_C_LANGUAGE_STANDARD = gnu17;
				GCC_DYNAMIC_NO_PIC = NO;
				GCC_NO_COMMON_BLOCKS = YES;
				GCC_OPTIMIZATION_LEVEL = 0;
				GCC_PREPROCESSOR_DEFINITIONS = (
					"DEBUG=1",
					"$(inherited)",
				);
				GCC_WARN_64_TO_32_BIT_CONVERSION = YES;
				GCC_WARN_ABOUT_RETURN_TYPE = YES_ERROR;
				GCC_WARN_UNDECLARED_SELECTOR = YES;
				GCC_WARN_UNINITIALIZED_AUTOS = YES_AGGRESSIVE;
				GCC_WARN_UNUSED_FUNCTION = YES;
				GCC_WARN_UNUSED_VARIABLE = YES;
				IPHONEOS_DEPLOYMENT_TARGET = 17.0;
				LOCALIZATION_PREFERS_STRING_CATALOGS = YES;
				MTL_ENABLE_DEBUG_INFO = INCLUDE_SOURCE;
				MTL_FAST_MATH = YES;
				ONLY_ACTIVE_ARCH = YES;
				SDKROOT = iphoneos;
				SUPPORTED_PLATFORMS = "iphoneos iphonesimulator";
				SWIFT_ACTIVE_COMPILATION_CONDITIONS = "DEBUG $(inherited)";
				SWIFT_OPTIMIZATION_LEVEL = "-Onone";
			};
			name = Debug;
		};
		A100000000000000000000B2 /* Release */ = {
			isa = XCBuildConfiguration;
			buildSettings = {
				ALWAYS_SEARCH_USER_PATHS = NO;
				CLANG_ANALYZER_NONNULL = YES;
				CLANG_ANALYZER_NUMBER_OBJECT_CONVERSION = YES_AGGRESSIVE;
				CLANG_CXX_LANGUAGE_STANDARD = "gnu++20";
				CLANG_ENABLE_MODULES = YES;
				CLANG_ENABLE_OBJC_ARC = YES;
				CLANG_ENABLE_OBJC_WEAK = YES;
				CLANG_WARN_BLOCK_CAPTURE_AUTORELEASING = YES;
				CLANG_WARN_BOOL_CONVERSION = YES;
				CLANG_WARN_COMMA = YES;
				CLANG_WARN_CONSTANT_CONVERSION = YES;
				CLANG_WARN_DEPRECATED_OBJC_IMPLEMENTATIONS = YES;
				CLANG_WARN_DIRECT_OBJC_ISA_USAGE = YES_ERROR;
				CLANG_WARN_DOCUMENTATION_COMMENTS = YES;
				CLANG_WARN_EMPTY_BODY = YES;
				CLANG_WARN_ENUM_CONVERSION = YES;
				CLANG_WARN_INFINITE_RECURSION = YES;
				CLANG_WARN_INT_CONVERSION = YES;
				CLANG_WARN_NON_LITERAL_NULL_CONVERSION = YES;
				CLANG_WARN_OBJC_IMPLICIT_RETAIN_SELF = YES;
				CLANG_WARN_OBJC_LITERAL_CONVERSION = YES;
				CLANG_WARN_OBJC_ROOT_CLASS = YES_ERROR;
				CLANG_WARN_QUOTED_INCLUDE_IN_FRAMEWORK_HEADER = YES;
				CLANG_WARN_RANGE_LOOP_ANALYSIS = YES;
				CLANG_WARN_STRICT_PROTOTYPES = YES;
				CLANG_WARN_SUSPICIOUS_MOVE = YES;
				CLANG_WARN_UNGUARDED_AVAILABILITY = YES_AGGRESSIVE;
				CLANG_WARN_UNREACHABLE_CODE = YES;
				CLANG_WARN__DUPLICATE_METHOD_MATCH = YES;
				COPY_PHASE_STRIP = NO;
				DEBUG_INFORMATION_FORMAT = "dwarf-with-dsym";
				ENABLE_NS_ASSERTIONS = NO;
				ENABLE_STRICT_OBJC_MSGSEND = YES;
				ENABLE_USER_SCRIPT_SANDBOXING = YES;
				GCC_C_LANGUAGE_STANDARD = gnu17;
				GCC_NO_COMMON_BLOCKS = YES;
				GCC_WARN_64_TO_32_BIT_CONVERSION = YES;
				GCC_WARN_ABOUT_RETURN_TYPE = YES_ERROR;
				GCC_WARN_UNDECLARED_SELECTOR = YES;
				GCC_WARN_UNINITIALIZED_AUTOS = YES_AGGRESSIVE;
				GCC_WARN_UNUSED_FUNCTION = YES;
				GCC_WARN_UNUSED_VARIABLE = YES;
				IPHONEOS_DEPLOYMENT_TARGET = 17.0;
				LOCALIZATION_PREFERS_STRING_CATALOGS = YES;
				MTL_ENABLE_DEBUG_INFO = NO;
				MTL_FAST_MATH = YES;
				SDKROOT = iphoneos;
				SUPPORTED_PLATFORMS = "iphoneos iphonesimulator";
				SWIFT_COMPILATION_MODE = wholemodule;
				VALIDATE_PRODUCT = YES;
			};
			name = Release;
		};
		A100000000000000000000C1 /* Debug */ = {
			isa = XCBuildConfiguration;
			buildSettings = {
				CODE_SIGN_STYLE = Automatic;
				CURRENT_PROJECT_VERSION = 1;
				DEVELOPMENT_ASSET_PATHS = "";
				DEVELOPMENT_TEAM = CUMDF377JK;
				ENABLE_PREVIEWS = YES;
				GENERATE_INFOPLIST_FILE = YES;
				INFOPLIST_KEY_CFBundleDisplayName = "抠抠记账";
				INFOPLIST_KEY_LSApplicationCategoryType = "public.app-category.finance";
				INFOPLIST_KEY_UIApplicationSceneManifest_Generation = YES;
				INFOPLIST_KEY_UIApplicationSupportsIndirectInputEvents = YES;
				INFOPLIST_KEY_UILaunchScreen_Generation = YES;
				IPHONEOS_DEPLOYMENT_TARGET = 17.0;
				MARKETING_VERSION = 1.0;
				PRODUCT_BUNDLE_IDENTIFIER = com.jager.KouKouLedger;
				PRODUCT_NAME = "$(TARGET_NAME)";
				SWIFT_EMIT_LOC_STRINGS = YES;
				SWIFT_VERSION = 5.0;
				TARGETED_DEVICE_FAMILY = "1,2";
			};
			name = Debug;
		};
		A100000000000000000000C2 /* Release */ = {
			isa = XCBuildConfiguration;
			buildSettings = {
				CODE_SIGN_STYLE = Automatic;
				CURRENT_PROJECT_VERSION = 1;
				DEVELOPMENT_ASSET_PATHS = "";
				DEVELOPMENT_TEAM = CUMDF377JK;
				ENABLE_PREVIEWS = YES;
				GENERATE_INFOPLIST_FILE = YES;
				INFOPLIST_KEY_CFBundleDisplayName = "抠抠记账";
				INFOPLIST_KEY_LSApplicationCategoryType = "public.app-category.finance";
				INFOPLIST_KEY_UIApplicationSceneManifest_Generation = YES;
				INFOPLIST_KEY_UIApplicationSupportsIndirectInputEvents = YES;
				INFOPLIST_KEY_UILaunchScreen_Generation = YES;
				IPHONEOS_DEPLOYMENT_TARGET = 17.0;
				MARKETING_VERSION = 1.0;
				PRODUCT_BUNDLE_IDENTIFIER = com.jager.KouKouLedger;
				PRODUCT_NAME = "$(TARGET_NAME)";
				SWIFT_EMIT_LOC_STRINGS = YES;
				SWIFT_VERSION = 5.0;
				TARGETED_DEVICE_FAMILY = "1,2";
			};
			name = Release;
		};
		D10000000000000000000501 /* Debug */ = {
			isa = XCBuildConfiguration;
			buildSettings = {
				BUNDLE_LOADER = "$(TEST_HOST)";
				CODE_SIGN_STYLE = Automatic;
				CURRENT_PROJECT_VERSION = 1;
				GENERATE_INFOPLIST_FILE = YES;
				IPHONEOS_DEPLOYMENT_TARGET = 17.0;
				LD_RUNPATH_SEARCH_PATHS = (
					"$(inherited)",
					"@executable_path/Frameworks",
					"@loader_path/Frameworks",
				);
				MARKETING_VERSION = 1.0;
				PRODUCT_BUNDLE_IDENTIFIER = com.jager.KouKouLedgerTests;
				PRODUCT_NAME = "$(TARGET_NAME)";
				SWIFT_VERSION = 5.0;
				TARGETED_DEVICE_FAMILY = "1,2";
				TEST_HOST = "$(BUILT_PRODUCTS_DIR)/KouKouLedger.app/$(BUNDLE_EXECUTABLE_FOLDER_PATH)/KouKouLedger";
			};
			name = Debug;
		};
		D10000000000000000000502 /* Release */ = {
			isa = XCBuildConfiguration;
			buildSettings = {
				BUNDLE_LOADER = "$(TEST_HOST)";
				CODE_SIGN_STYLE = Automatic;
				CURRENT_PROJECT_VERSION = 1;
				GENERATE_INFOPLIST_FILE = YES;
				IPHONEOS_DEPLOYMENT_TARGET = 17.0;
				LD_RUNPATH_SEARCH_PATHS = (
					"$(inherited)",
					"@executable_path/Frameworks",
					"@loader_path/Frameworks",
				);
				MARKETING_VERSION = 1.0;
				PRODUCT_BUNDLE_IDENTIFIER = com.jager.KouKouLedgerTests;
				PRODUCT_NAME = "$(TARGET_NAME)";
				SWIFT_VERSION = 5.0;
				TARGETED_DEVICE_FAMILY = "1,2";
				TEST_HOST = "$(BUILT_PRODUCTS_DIR)/KouKouLedger.app/$(BUNDLE_EXECUTABLE_FOLDER_PATH)/KouKouLedger";
			};
			name = Release;
		};
/* End XCBuildConfiguration section */

/* Begin XCConfigurationList section */
		A100000000000000000000B0 /* Build configuration list for PBXProject "KouKouLedger" */ = {
			isa = XCConfigurationList;
			buildConfigurations = (
				A100000000000000000000B1 /* Debug */,
				A100000000000000000000B2 /* Release */,
			);
			defaultConfigurationIsVisible = 0;
			defaultConfigurationName = Release;
		};
		A100000000000000000000C0 /* Build configuration list for PBXNativeTarget "KouKouLedger" */ = {
			isa = XCConfigurationList;
			buildConfigurations = (
				A100000000000000000000C1 /* Debug */,
				A100000000000000000000C2 /* Release */,
			);
			defaultConfigurationIsVisible = 0;
			defaultConfigurationName = Release;
		};
		D10000000000000000000500 /* Build configuration list for PBXNativeTarget "KouKouLedgerTests" */ = {
			isa = XCConfigurationList;
			buildConfigurations = (
				D10000000000000000000501 /* Debug */,
				D10000000000000000000502 /* Release */,
			);
			defaultConfigurationIsVisible = 0;
			defaultConfigurationName = Release;
		};
/* End XCConfigurationList section */
	};
	rootObject = A10000000000000000000000 /* Project object */;
}
